{
    "requires": true,
    "lockfileVersion": 1,
    "dependencies": {
        "@material/base": {
            "version": "0.29.0",
            "resolved": "https://registry.npmjs.org/@material/base/-/base-0.29.0.tgz",
            "integrity": "sha512-5jgaxI0x18JWb7orFPNm+on3Oe1o0RUgrh/xSpuJ4U4rEwMmC94rOMdacllaenmUuLq1DRPE7UeGOzfWfZf3bQ=="
        },
        "@material/layout-grid": {
            "version": "0.24.0",
            "resolved": "https://registry.npmjs.org/@material/layout-grid/-/layout-grid-0.24.0.tgz",
            "integrity": "sha512-38Si5CQgRkQwTSVb+lfCZkH8QEe1/HWfj2yNmK5OIFRMBFbSjQRsvf3p+aU1R7fM4TDjNKcgUWqRtBnKuUjNCQ=="
        }
    }
}
